Microsoft Visual Studio Solution File, Format Version 12.00
# Visual Studio Version 17
VisualStudioVersion = 17.5.2.0
MinimumVisualStudioVersion = 10.0.40219.1
Project("{2150E333-8FDC-42A3-9474-1A3956D46DE8}") = "ResonanceSimulation", "ResonanceSimulation", "{80961AE4-C589-F783-FD04-EC5F280B842B}"
EndProject
Project("{FAE04EC0-301F-11D3-BF4B-00C04F79EFBC}") = "ResonanceSimulation.App", "ResonanceSimulation\ResonanceSimulation.App\ResonanceSimulation.App.csproj", "{7F259392-FB0B-F7DD-34E9-76AD295982B5}"
EndProject
Project("{FAE04EC0-301F-11D3-BF4B-00C04F79EFBC}") = "ResonanceSimulation.Core", "ResonanceSimulation\ResonanceSimulation.Core\ResonanceSimulation.Core.csproj", "{364A3DE6-3FB0-8C78-4CFF-7326A690F2FF}"
EndProject
Global
	GlobalSection(SolutionConfigurationPlatforms) = preSolution
		Debug|Any CPU = Debug|Any CPU
		Release|Any CPU = Release|Any CPU
	EndGlobalSection
	GlobalSection(ProjectConfigurationPlatforms) = postSolution
		{7F259392-FB0B-F7DD-34E9-76AD295982B5}.Debug|Any CPU.ActiveCfg = Debug|Any CPU
		{7F259392-FB0B-F7DD-34E9-76AD295982B5}.Debug|Any CPU.Build.0 = Debug|Any CPU
		{7F259392-FB0B-F7DD-34E9-76AD295982B5}.Release|Any CPU.ActiveCfg = Release|Any CPU
		{7F259392-FB0B-F7DD-34E9-76AD295982B5}.Release|Any CPU.Build.0 = Release|Any CPU
		{364A3DE6-3FB0-8C78-4CFF-7326A690F2FF}.Debug|Any CPU.ActiveCfg = Debug|Any CPU
		{364A3DE6-3FB0-8C78-4CFF-7326A690F2FF}.Debug|Any CPU.Build.0 = Debug|Any CPU
		{364A3DE6-3FB0-8C78-4CFF-7326A690F2FF}.Release|Any CPU.ActiveCfg = Release|Any CPU
		{364A3DE6-3FB0-8C78-4CFF-7326A690F2FF}.Release|Any CPU.Build.0 = Release|Any CPU
	EndGlobalSection
	GlobalSection(SolutionProperties) = preSolution
		HideSolutionNode = FALSE
	EndGlobalSection
	GlobalSection(NestedProjects) = preSolution
		{7F259392-FB0B-F7DD-34E9-76AD295982B5} = {80961AE4-C589-F783-FD04-EC5F280B842B}
		{364A3DE6-3FB0-8C78-4CFF-7326A690F2FF} = {80961AE4-C589-F783-FD04-EC5F280B842B}
	EndGlobalSection
	GlobalSection(ExtensibilityGlobals) = postSolution
		SolutionGuid = {E430B32E-9491-477F-89CF-41C1206555E4}
	EndGlobalSection
EndGlobal
